Microsoft Visual Studio Solution File, Format Version 12.00
# Visual Studio 2013
VisualStudioVersion = 12.0.31101.0
MinimumVisualStudioVersion = 10.0.40219.1
Project("{2150E333-8FDC-42A3-9474-1A3956D46DE8}") = "js", "js", "{20D7A7D8-822B-4D68-AEF0-9127E62A819F}"
EndProject
Project("{2150E333-8FDC-42A3-9474-1A3956D46DE8}") = "template", "template", "{BA48140E-6DCE-46F7-BC02-D48AB34F0CF6}"
	ProjectSection(SolutionItems) = preProject
		template\footer.html = template\footer.html
		template\header.html = template\header.html
	EndProjectSection
EndProject
Project("{2150E333-8FDC-42A3-9474-1A3956D46DE8}") = "wiz_simu", "wiz_simu", "{54D72F80-1342-4A3D-B559-339A01E32933}"
EndProject
Project("{2150E333-8FDC-42A3-9474-1A3956D46DE8}") = "css", "css", "{85B9F527-E148-41E4-A8C0-04BBF26A1A24}"
	ProjectSection(SolutionItems) = preProject
		css\cardcheck.css = css\cardcheck.css
		css\crystalpoint.css = css\crystalpoint.css
		css\deck.css = css\deck.css
		css\default.css = css\default.css
		css\default_bg.css = css\default_bg.css
		css\default_sp.css = css\default_sp.css
		css\quest_detail.css = css\quest_detail.css
		css\search.css = css\search.css
		css\simulator.css = css\simulator.css
		css\simulator_sp.css = css\simulator_sp.css
	EndProjectSection
EndProject
Project("{2150E333-8FDC-42A3-9474-1A3956D46DE8}") = "text", "text", "{FEDAC185-D019-43F3-BE3D-70929AAAE89F}"
	ProjectSection(SolutionItems) = preProject
		text\specification.txt = text\specification.txt
		text\update.txt = text\update.txt
	EndProjectSection
EndProject
Project("{2150E333-8FDC-42A3-9474-1A3956D46DE8}") = "simulator", "simulator", "{0B5CF5D7-96AD-4EED-8363-750FF402B468}"
	ProjectSection(SolutionItems) = preProject
		js\simulator\actionlog.js = js\simulator\actionlog.js
		js\simulator\answer.js = js\simulator\answer.js
		js\simulator\awake.js = js\simulator\awake.js
		js\simulator\damage.js = js\simulator\damage.js
		js\simulator\enemy.js = js\simulator\enemy.js
		js\simulator\initialize.js = js\simulator\initialize.js
		js\simulator\quest_detail.js = js\simulator\quest_detail.js
		js\simulator\show.js = js\simulator\show.js
		js\simulator\show_sp.js = js\simulator\show_sp.js
		js\simulator\special.js = js\simulator\special.js
		js\simulator\species.js = js\simulator\species.js
		js\simulator\turneffect.js = js\simulator\turneffect.js
	EndProjectSection
EndProject
Project("{2150E333-8FDC-42A3-9474-1A3956D46DE8}") = "deck", "deck", "{068E2C1D-35BD-43A6-826C-B09E82790769}"
	ProjectSection(SolutionItems) = preProject
		js\deck\deckdata.js = js\deck\deckdata.js
		js\deck\decksuggest.js = js\deck\decksuggest.js
		js\deck\questsel.js = js\deck\questsel.js
	EndProjectSection
EndProject
Project("{2150E333-8FDC-42A3-9474-1A3956D46DE8}") = "simulator", "simulator", "{FBCE4C9C-0BDA-4B34-AC6E-3158CF6D361E}"
	ProjectSection(SolutionItems) = preProject
		simulator\index.shtml = simulator\index.shtml
	EndProjectSection
EndProject
Project("{2150E333-8FDC-42A3-9474-1A3956D46DE8}") = "pages", "pages", "{5738BAEF-BA1D-4206-8CED-09AD35F0B80B}"
EndProject
Project("{2150E333-8FDC-42A3-9474-1A3956D46DE8}") = ".git", ".git", "{27D58126-6603-4269-835A-6B839CE57676}"
	ProjectSection(SolutionItems) = preProject
		.gitattributes = .gitattributes
		.gitignore = .gitignore
	EndProjectSection
EndProject
Project("{2150E333-8FDC-42A3-9474-1A3956D46DE8}") = "toppage", "toppage", "{50236DB5-BE11-45AB-B308-DD29121A9303}"
	ProjectSection(SolutionItems) = preProject
		index.html = index.html
	EndProjectSection
EndProject
Project("{2150E333-8FDC-42A3-9474-1A3956D46DE8}") = "run", "run", "{BE62308C-ADDF-4FE5-960C-CCE298C9EA52}"
	ProjectSection(SolutionItems) = preProject
		simulator\p\index.shtml = simulator\p\index.shtml
	EndProjectSection
EndProject
Project("{2150E333-8FDC-42A3-9474-1A3956D46DE8}") = "others", "others", "{031B42DC-7DAF-4295-96B4-08D8BB8B77B1}"
	ProjectSection(SolutionItems) = preProject
		pages\contact.html = pages\contact.html
		pages\help_sim.html = pages\help_sim.html
		pages\info.html = pages\info.html
	EndProjectSection
EndProject
Project("{2150E333-8FDC-42A3-9474-1A3956D46DE8}") = "useful", "useful", "{F34AC30C-80B0-4B03-A688-A1169FB82C9D}"
	ProjectSection(SolutionItems) = preProject
		js\dynamic.js = js\dynamic.js
		js\err_report.js = js\err_report.js
		js\general.js = js\general.js
		js\googletrc.js = js\googletrc.js
		js\loader.js = js\loader.js
		js\pagetemp.js = js\pagetemp.js
		js\rssreader.js = js\rssreader.js
	EndProjectSection
EndProject
Project("{2150E333-8FDC-42A3-9474-1A3956D46DE8}") = "data", "data", "{96B04CAB-98A1-4735-96F8-80788F25C391}"
	ProjectSection(SolutionItems) = preProject
		js\data\cards.js = js\data\cards.js
		js\data\skill_ans.js = js\data\skill_ans.js
		js\data\skill_awake.js = js\data\skill_awake.js
		js\data\skill_crystal.js = js\data\skill_crystal.js
		js\data\skill_enemy.js = js\data\skill_enemy.js
		js\data\skill_spe.js = js\data\skill_spe.js
		js\data\skill_spe_body.js = js\data\skill_spe_body.js
	EndProjectSection
EndProject
Project("{2150E333-8FDC-42A3-9474-1A3956D46DE8}") = "tools", "tools", "{AEC9F07D-08AF-4D00-AC3F-C5ED1357D47A}"
EndProject
Project("{2150E333-8FDC-42A3-9474-1A3956D46DE8}") = "checklist", "checklist", "{DFE3E61F-799E-4929-A8EB-C18F25816D3D}"
	ProjectSection(SolutionItems) = preProject
		tools\cardcheck\index.html = tools\cardcheck\index.html
	EndProjectSection
EndProject
Project("{2150E333-8FDC-42A3-9474-1A3956D46DE8}") = "tools", "tools", "{A0A97AF9-4ED6-4739-BF95-F6ADF2893576}"
EndProject
Project("{2150E333-8FDC-42A3-9474-1A3956D46DE8}") = "crystal_point", "crystal_point", "{0D1E3309-BC11-437C-A740-D9196C97621E}"
	ProjectSection(SolutionItems) = preProject
		tools\crystal_pt\index.html = tools\crystal_pt\index.html
	EndProjectSection
EndProject
Project("{2150E333-8FDC-42A3-9474-1A3956D46DE8}") = "data", "data", "{715492B2-2D37-460A-88BD-08ABB4A12AA6}"
	ProjectSection(SolutionItems) = preProject
		js\tools\data\checkdata.js = js\tools\data\checkdata.js
		js\tools\data\point_rewards.js = js\tools\data\point_rewards.js
	EndProjectSection
EndProject
Project("{2150E333-8FDC-42A3-9474-1A3956D46DE8}") = "script", "script", "{226BE818-2166-4B4C-B4C1-3398D39A8069}"
	ProjectSection(SolutionItems) = preProject
		js\tools\cardcheck.js = js\tools\cardcheck.js
		js\tools\crystalpt.js = js\tools\crystalpt.js
	EndProjectSection
EndProject
Project("{2150E333-8FDC-42A3-9474-1A3956D46DE8}") = "search", "search", "{2E6BF4B1-10BD-40DE-BD83-5258C65E96D0}"
	ProjectSection(SolutionItems) = preProject
		js\search\sch_filter.js = js\search\sch_filter.js
		js\search\sch_form.js = js\search\sch_form.js
		js\search\sch_form_def.js = js\search\sch_form_def.js
	EndProjectSection
EndProject
Project("{2150E333-8FDC-42A3-9474-1A3956D46DE8}") = "search", "search", "{F546FAD9-474F-46A8-B734-545AA08B5821}"
	ProjectSection(SolutionItems) = preProject
		search\index.html = search\index.html
	EndProjectSection
EndProject
Project("{2150E333-8FDC-42A3-9474-1A3956D46DE8}") = "result", "result", "{C74DB3D7-4C45-4359-9DC9-04BE6EF4C4D1}"
	ProjectSection(SolutionItems) = preProject
		search\s\index.html = search\s\index.html
	EndProjectSection
EndProject
Project("{2150E333-8FDC-42A3-9474-1A3956D46DE8}") = "quest", "quest", "{C87981AE-0C6C-4519-AD61-F7127F461E6E}"
	ProjectSection(SolutionItems) = preProject
		simulator\quest\index.shtml = simulator\quest\index.shtml
	EndProjectSection
EndProject
Global
	GlobalSection(SolutionProperties) = preSolution
		HideSolutionNode = FALSE
	EndGlobalSection
	GlobalSection(NestedProjects) = preSolution
		{20D7A7D8-822B-4D68-AEF0-9127E62A819F} = {54D72F80-1342-4A3D-B559-339A01E32933}
		{BA48140E-6DCE-46F7-BC02-D48AB34F0CF6} = {5738BAEF-BA1D-4206-8CED-09AD35F0B80B}
		{85B9F527-E148-41E4-A8C0-04BBF26A1A24} = {54D72F80-1342-4A3D-B559-339A01E32933}
		{FEDAC185-D019-43F3-BE3D-70929AAAE89F} = {54D72F80-1342-4A3D-B559-339A01E32933}
		{0B5CF5D7-96AD-4EED-8363-750FF402B468} = {20D7A7D8-822B-4D68-AEF0-9127E62A819F}
		{068E2C1D-35BD-43A6-826C-B09E82790769} = {20D7A7D8-822B-4D68-AEF0-9127E62A819F}
		{FBCE4C9C-0BDA-4B34-AC6E-3158CF6D361E} = {5738BAEF-BA1D-4206-8CED-09AD35F0B80B}
		{5738BAEF-BA1D-4206-8CED-09AD35F0B80B} = {54D72F80-1342-4A3D-B559-339A01E32933}
		{27D58126-6603-4269-835A-6B839CE57676} = {54D72F80-1342-4A3D-B559-339A01E32933}
		{50236DB5-BE11-45AB-B308-DD29121A9303} = {5738BAEF-BA1D-4206-8CED-09AD35F0B80B}
		{BE62308C-ADDF-4FE5-960C-CCE298C9EA52} = {FBCE4C9C-0BDA-4B34-AC6E-3158CF6D361E}
		{031B42DC-7DAF-4295-96B4-08D8BB8B77B1} = {5738BAEF-BA1D-4206-8CED-09AD35F0B80B}
		{F34AC30C-80B0-4B03-A688-A1169FB82C9D} = {20D7A7D8-822B-4D68-AEF0-9127E62A819F}
		{96B04CAB-98A1-4735-96F8-80788F25C391} = {20D7A7D8-822B-4D68-AEF0-9127E62A819F}
		{AEC9F07D-08AF-4D00-AC3F-C5ED1357D47A} = {5738BAEF-BA1D-4206-8CED-09AD35F0B80B}
		{DFE3E61F-799E-4929-A8EB-C18F25816D3D} = {AEC9F07D-08AF-4D00-AC3F-C5ED1357D47A}
		{A0A97AF9-4ED6-4739-BF95-F6ADF2893576} = {20D7A7D8-822B-4D68-AEF0-9127E62A819F}
		{0D1E3309-BC11-437C-A740-D9196C97621E} = {AEC9F07D-08AF-4D00-AC3F-C5ED1357D47A}
		{715492B2-2D37-460A-88BD-08ABB4A12AA6} = {A0A97AF9-4ED6-4739-BF95-F6ADF2893576}
		{226BE818-2166-4B4C-B4C1-3398D39A8069} = {A0A97AF9-4ED6-4739-BF95-F6ADF2893576}
		{2E6BF4B1-10BD-40DE-BD83-5258C65E96D0} = {20D7A7D8-822B-4D68-AEF0-9127E62A819F}
		{F546FAD9-474F-46A8-B734-545AA08B5821} = {5738BAEF-BA1D-4206-8CED-09AD35F0B80B}
		{C74DB3D7-4C45-4359-9DC9-04BE6EF4C4D1} = {F546FAD9-474F-46A8-B734-545AA08B5821}
		{C87981AE-0C6C-4519-AD61-F7127F461E6E} = {FBCE4C9C-0BDA-4B34-AC6E-3158CF6D361E}
	EndGlobalSection
EndGlobal
